
Microsoft Visual Studio Solution File, Format Version 12.00
# Visual Studio 15
Project("{FAE04EC0-301F-11D3-BF4B-00C04F79EFBC}") = "Assembly-CSharp", "Assembly-CSharp.csproj", "{8F118383-3569-600E-81FF-206C2D663DD3}"
EndProject
Project("{FAE04EC0-301F-11D3-BF4B-00C04F79EFBC}") = "URPWizard", "URPWizard.csproj", "{0955E028-E346-D321-7AB4-0DE8DA2F90F4}"
EndProject
Project("{FAE04EC0-301F-11D3-BF4B-00C04F79EFBC}") = "Assembly-CSharp-Editor", "Assembly-CSharp-Editor.csproj", "{0D022E05-B887-C18F-A0F6-B3A51187F441}"
EndProject
Global
	GlobalSection(SolutionConfigurationPlatforms) = preSolution
		Debug|Any CPU = Debug|Any CPU
		Release|Any CPU = Release|Any CPU
	EndGlobalSection
	GlobalSection(ProjectConfigurationPlatforms) = postSolution
		{8F118383-3569-600E-81FF-206C2D663DD3}.Debug|Any CPU.ActiveCfg = Debug|Any CPU
		{8F118383-3569-600E-81FF-206C2D663DD3}.Debug|Any CPU.Build.0 = Debug|Any CPU
		{8F118383-3569-600E-81FF-206C2D663DD3}.Release|Any CPU.ActiveCfg = Release|Any CPU
		{8F118383-3569-600E-81FF-206C2D663DD3}.Release|Any CPU.Build.0 = Release|Any CPU
		{0955E028-E346-D321-7AB4-0DE8DA2F90F4}.Debug|Any CPU.ActiveCfg = Debug|Any CPU
		{0955E028-E346-D321-7AB4-0DE8DA2F90F4}.Debug|Any CPU.Build.0 = Debug|Any CPU
		{0955E028-E346-D321-7AB4-0DE8DA2F90F4}.Release|Any CPU.ActiveCfg = Release|Any CPU
		{0955E028-E346-D321-7AB4-0DE8DA2F90F4}.Release|Any CPU.Build.0 = Release|Any CPU
		{0D022E05-B887-C18F-A0F6-B3A51187F441}.Debug|Any CPU.ActiveCfg = Debug|Any CPU
		{0D022E05-B887-C18F-A0F6-B3A51187F441}.Debug|Any CPU.Build.0 = Debug|Any CPU
		{0D022E05-B887-C18F-A0F6-B3A51187F441}.Release|Any CPU.ActiveCfg = Release|Any CPU
		{0D022E05-B887-C18F-A0F6-B3A51187F441}.Release|Any CPU.Build.0 = Release|Any CPU
	EndGlobalSection
	GlobalSection(SolutionProperties) = preSolution
		HideSolutionNode = FALSE
	EndGlobalSection
EndGlobal
